
Microsoft Visual Studio Solution File, Format Version 12.00
# Visual Studio Version 17
VisualStudioVersion = 17.0.31903.59
MinimumVisualStudioVersion = 10.0.40219.1
Project("{FAE04EC0-301F-11D3-BF4B-00C04F79EFBC}") = "Sunfire", "Sunfire\Sunfire.csproj", "{FBC33E30-7D4C-4670-9234-F07E3BA15CAE}"
EndProject
Project("{FAE04EC0-301F-11D3-BF4B-00C04F79EFBC}") = "AzureAllocator", "AzureAllocator\AzureAllocator.csproj", "{6F41AD02-E6F4-4092-9704-F36E24D485A4}"
EndProject
Global
	GlobalSection(SolutionConfigurationPlatforms) = preSolution
		Debug|Any CPU = Debug|Any CPU
		Release|Any CPU = Release|Any CPU
	EndGlobalSection
	GlobalSection(ProjectConfigurationPlatforms) = postSolution
		{FBC33E30-7D4C-4670-9234-F07E3BA15CAE}.Debug|Any CPU.ActiveCfg = Debug|Any CPU
		{FBC33E30-7D4C-4670-9234-F07E3BA15CAE}.Debug|Any CPU.Build.0 = Debug|Any CPU
		{FBC33E30-7D4C-4670-9234-F07E3BA15CAE}.Release|Any CPU.ActiveCfg = Release|Any CPU
		{FBC33E30-7D4C-4670-9234-F07E3BA15CAE}.Release|Any CPU.Build.0 = Release|Any CPU
		{6F41AD02-E6F4-4092-9704-F36E24D485A4}.Debug|Any CPU.ActiveCfg = Debug|Any CPU
		{6F41AD02-E6F4-4092-9704-F36E24D485A4}.Debug|Any CPU.Build.0 = Debug|Any CPU
		{6F41AD02-E6F4-4092-9704-F36E24D485A4}.Release|Any CPU.ActiveCfg = Release|Any CPU
		{6F41AD02-E6F4-4092-9704-F36E24D485A4}.Release|Any CPU.Build.0 = Release|Any CPU
	EndGlobalSection
	GlobalSection(SolutionProperties) = preSolution
		HideSolutionNode = FALSE
	EndGlobalSection
EndGlobal
